
Microsoft Visual Studio Solution File, Format Version 12.00
# Visual Studio Version 17
VisualStudioVersion = 17.12.35527.113
MinimumVisualStudioVersion = 10.0.40219.1
Project("{FAE04EC0-301F-11D3-BF4B-00C04F79EFBC}") = "AlgorithmVisualizer.UI", "AlgorithmVisualizer.UI\AlgorithmVisualizer.UI.csproj", "{B4A8011D-7A1C-4B1D-8880-0CF79C52059E}"
EndProject
Project("{FAE04EC0-301F-11D3-BF4B-00C04F79EFBC}") = "AlgorithmVisualizer.Core", "AlgorithmVisualizer.Core\AlgorithmVisualizer.Core.csproj", "{A1B2C3D4-E5F6-7890-ABCD-EF1234567890}"
EndProject
Project("{FAE04EC0-301F-11D3-BF4B-00C04F79EFBC}") = "AlgorithmVisualizer.Utils", "AlgorithmVisualizer.Utils\AlgorithmVisualizer.Utils.csproj", "{F1E2D3C4-B5A6-9870-1234-567890ABCDEF}"
EndProject
Global
	GlobalSection(SolutionConfigurationPlatforms) = preSolution
		Debug|Any CPU = Debug|Any CPU
		Release|Any CPU = Release|Any CPU
	EndGlobalSection
	GlobalSection(ProjectConfigurationPlatforms) = postSolution
		{B4A8011D-7A1C-4B1D-8880-0CF79C52059E}.Debug|Any CPU.ActiveCfg = Debug|Any CPU
		{B4A8011D-7A1C-4B1D-8880-0CF79C52059E}.Debug|Any CPU.Build.0 = Debug|Any CPU
		{B4A8011D-7A1C-4B1D-8880-0CF79C52059E}.Release|Any CPU.ActiveCfg = Release|Any CPU
		{B4A8011D-7A1C-4B1D-8880-0CF79C52059E}.Release|Any CPU.Build.0 = Release|Any CPU
		{A1B2C3D4-E5F6-7890-ABCD-EF1234567890}.Debug|Any CPU.ActiveCfg = Debug|Any CPU
		{A1B2C3D4-E5F6-7890-ABCD-EF1234567890}.Debug|Any CPU.Build.0 = Debug|Any CPU
		{A1B2C3D4-E5F6-7890-ABCD-EF1234567890}.Release|Any CPU.ActiveCfg = Release|Any CPU
		{A1B2C3D4-E5F6-7890-ABCD-EF1234567890}.Release|Any CPU.Build.0 = Release|Any CPU
		{F1E2D3C4-B5A6-9870-1234-567890ABCDEF}.Debug|Any CPU.ActiveCfg = Debug|Any CPU
		{F1E2D3C4-B5A6-9870-1234-567890ABCDEF}.Debug|Any CPU.Build.0 = Debug|Any CPU
		{F1E2D3C4-B5A6-9870-1234-567890ABCDEF}.Release|Any CPU.ActiveCfg = Release|Any CPU
		{F1E2D3C4-B5A6-9870-1234-567890ABCDEF}.Release|Any CPU.Build.0 = Release|Any CPU
	EndGlobalSection
	GlobalSection(SolutionProperties) = preSolution
		HideSolutionNode = FALSE
	EndGlobalSection
	GlobalSection(ExtensibilityGlobals) = postSolution
		SolutionGuid = {63F6D786-D1C3-4806-A0D9-01F33466B254}
	EndGlobalSection
EndGlobal
